# This file is generated by running "yarn install" inside your project.
# Manual changes might be lost - proceed with caution!

__metadata:
  version: 6
  cacheKey: 8

"@demo/one@Hybrid-Force/yarn-git-workspace-alpha#workspace=@demo/one":
  version: 1.0.0
  resolution: "@demo/one@https://github.com/Hybrid-Force/yarn-git-workspace-alpha.git#workspace=%40demo%2Fone&commit=5f761373b8cb4be4912c12c96747bb469b3fc07f"
  checksum: 549f7e99fb83df383e5b1cec41811a83fa3ad45cea965f54bf32466afe0b49907e3f30a43d184c41fbbf7d98e36216fc316012344b47e06ba217bb7d267a8d41
  languageName: node
  linkType: hard

"@demo/two@Hybrid-Force/yarn-git-workspace-alpha#workspace=@demo/two":
  version: 1.0.0
  resolution: "@demo/two@https://github.com/Hybrid-Force/yarn-git-workspace-alpha.git#workspace=%40demo%2Ftwo&commit=5f761373b8cb4be4912c12c96747bb469b3fc07f"
  dependencies:
    "@demo/one": 1.0.0
  checksum: fc1de2b61024d9357e0203eae7fd8c38ad63ef85fbf80bc2f221525a9c4ffc8d2e3f2c46b3f2467bbd05568f9f7e67fc6d7717fbe24cc5332cd42e86e8985420
  languageName: node
  linkType: hard

"yarn-git-workspace-beta@workspace:.":
  version: 0.0.0-use.local
  resolution: "yarn-git-workspace-beta@workspace:."
  dependencies:
    "@demo/two": "Hybrid-Force/yarn-git-workspace-alpha#workspace=@demo/two"
  languageName: unknown
  linkType: soft
